
Microsoft Visual Studio Solution File, Format Version 12.00
# Visual Studio Version 17
VisualStudioVersion = 17.12.35527.113
MinimumVisualStudioVersion = 10.0.40219.1
Project("{FAE04EC0-301F-11D3-BF4B-00C04F79EFBC}") = "API", "API\API.csproj", "{B5C610F2-AF62-4B9C-A546-7735235889C5}"
EndProject
Project("{FAE04EC0-301F-11D3-BF4B-00C04F79EFBC}") = "Core", "Core\Core.csproj", "{F34EC31B-4FC9-49BE-ACBE-B72F84B3C796}"
EndProject
Project("{FAE04EC0-301F-11D3-BF4B-00C04F79EFBC}") = "Infrastructure", "Infrastructure\Infrastructure.csproj", "{A41FE6D4-8645-4863-8584-3CD5B1870593}"
EndProject
Global
	GlobalSection(SolutionConfigurationPlatforms) = preSolution
		Debug|Any CPU = Debug|Any CPU
		Release|Any CPU = Release|Any CPU
	EndGlobalSection
	GlobalSection(ProjectConfigurationPlatforms) = postSolution
		{B5C610F2-AF62-4B9C-A546-7735235889C5}.Debug|Any CPU.ActiveCfg = Debug|Any CPU
		{B5C610F2-AF62-4B9C-A546-7735235889C5}.Debug|Any CPU.Build.0 = Debug|Any CPU
		{B5C610F2-AF62-4B9C-A546-7735235889C5}.Release|Any CPU.ActiveCfg = Release|Any CPU
		{B5C610F2-AF62-4B9C-A546-7735235889C5}.Release|Any CPU.Build.0 = Release|Any CPU
		{F34EC31B-4FC9-49BE-ACBE-B72F84B3C796}.Debug|Any CPU.ActiveCfg = Debug|Any CPU
		{F34EC31B-4FC9-49BE-ACBE-B72F84B3C796}.Debug|Any CPU.Build.0 = Debug|Any CPU
		{F34EC31B-4FC9-49BE-ACBE-B72F84B3C796}.Release|Any CPU.ActiveCfg = Release|Any CPU
		{F34EC31B-4FC9-49BE-ACBE-B72F84B3C796}.Release|Any CPU.Build.0 = Release|Any CPU
		{A41FE6D4-8645-4863-8584-3CD5B1870593}.Debug|Any CPU.ActiveCfg = Debug|Any CPU
		{A41FE6D4-8645-4863-8584-3CD5B1870593}.Debug|Any CPU.Build.0 = Debug|Any CPU
		{A41FE6D4-8645-4863-8584-3CD5B1870593}.Release|Any CPU.ActiveCfg = Release|Any CPU
		{A41FE6D4-8645-4863-8584-3CD5B1870593}.Release|Any CPU.Build.0 = Release|Any CPU
	EndGlobalSection
	GlobalSection(SolutionProperties) = preSolution
		HideSolutionNode = FALSE
	EndGlobalSection
EndGlobal
